{
  "version": 4,
  "terraform_version": "0.12.23",
  "serial": 889,
  "lineage": "12b12ce5-161a-ca6e-ffe4-a55c6810478b",
  "outputs": {},
  "resources": [
    {
      "module": "module.iam",
      "mode": "data",
      "type": "aws_iam_policy_document",
      "name": "assume_role_policy",
      "provider": "provider.aws",
      "instances": [
        {
          "schema_version": 0,
          "attributes": {
            "id": "320642683",
            "json": "{\n  \"Version\": \"2012-10-17\",\n  \"Statement\": [\n    {\n      \"Sid\": \"\",\n      \"Effect\": \"Allow\",\n      \"Action\": \"sts:AssumeRole\",\n      \"Principal\": {\n        \"Service\": \"ecs-tasks.amazonaws.com\"\n      }\n    }\n  ]\n}",
            "override_json": null,
            "policy_id": null,
            "source_json": null,
            "statement": [
              {
                "actions": [
                  "sts:AssumeRole"
                ],
                "condition": [],
                "effect": "Allow",
                "not_actions": [],
                "not_principals": [],
                "not_resources": [],
                "principals": [
                  {
                    "identifiers": [
                      "ecs-tasks.amazonaws.com"
                    ],
                    "type": "Service"
                  }
                ],
                "resources": [],
                "sid": ""
              }
            ],
            "version": "2012-10-17"
          }
        }
      ]
    },
    {
      "module": "module.alb",
      "mode": "managed",
      "type": "aws_alb",
      "name": "application_load_balancer",
      "provider": "provider.aws",
      "instances": [
        {
          "schema_version": 0,
          "attributes": {
            "access_logs": [
              {
                "bucket": "",
                "enabled": false,
                "prefix": ""
              }
            ],
            "arn": "arn:aws:elasticloadbalancing:ap-southeast-1:621567429603:loadbalancer/app/test-alb/d32b074ce3a067c3",
            "arn_suffix": "app/test-alb/d32b074ce3a067c3",
            "dns_name": "test-alb-740421865.ap-southeast-1.elb.amazonaws.com",
            "drop_invalid_header_fields": false,
            "enable_cross_zone_load_balancing": null,
            "enable_deletion_protection": false,
            "enable_http2": true,
            "id": "arn:aws:elasticloadbalancing:ap-southeast-1:621567429603:loadbalancer/app/test-alb/d32b074ce3a067c3",
            "idle_timeout": 60,
            "internal": false,
            "ip_address_type": "ipv4",
            "load_balancer_type": "application",
            "name": "test-alb",
            "name_prefix": null,
            "security_groups": [
              "sg-0fce162f35cdba3d4"
            ],
            "subnet_mapping": [
              {
                "allocation_id": "",
                "private_ipv4_address": "",
                "subnet_id": "subnet-02db824f5a7fc5fe2"
              },
              {
                "allocation_id": "",
                "private_ipv4_address": "",
                "subnet_id": "subnet-0cda38dab258b3ccf"
              }
            ],
            "subnets": [
              "subnet-02db824f5a7fc5fe2",
              "subnet-0cda38dab258b3ccf"
            ],
            "tags": {
              "CostCenter": "Admin",
              "Developer": "Tien Nguyen",
              "Environment": "Development"
            },
            "timeouts": null,
            "vpc_id": "vpc-06dc50fdb423a122b",
            "zone_id": "Z1LMS91P8CMLE5"
          },
          "private": "eyJlMmJmYjczMC1lY2FhLTExZTYtOGY4OC0zNDM2M2JjN2M0YzAiOnsiY3JlYXRlIjo2MDAwMDAwMDAwMDAsImRlbGV0ZSI6NjAwMDAwMDAwMDAwLCJ1cGRhdGUiOjYwMDAwMDAwMDAwMH19",
          "dependencies": [
            "module.vpc.aws_security_group.load_balancer_security_group",
            "module.vpc.aws_subnet.public",
            "module.vpc.aws_vpc.messi_vpc"
          ]
        }
      ]
    },
    {
      "module": "module.cloudwatch",
      "mode": "managed",
      "type": "aws_cloudwatch_log_group",
      "name": "log_group",
      "provider": "provider.aws",
      "instances": [
        {
          "schema_version": 0,
          "attributes": {
            "arn": "arn:aws:logs:ap-southeast-1:621567429603:log-group:/ecs/messi",
            "id": "/ecs/messi",
            "kms_key_id": "",
            "name": "/ecs/messi",
            "name_prefix": null,
            "retention_in_days": 0,
            "tags": {
              "CostCenter": "Admin",
              "Developer": "Tien Nguyen",
              "Environment": "Development"
            }
          },
          "private": "bnVsbA=="
        }
      ]
    },
    {
      "module": "module.ecs",
      "mode": "managed",
      "type": "aws_ecs_cluster",
      "name": "cluster",
      "provider": "provider.aws",
      "instances": [
        {
          "schema_version": 0,
          "attributes": {
            "arn": "arn:aws:ecs:ap-southeast-1:621567429603:cluster/testing-cluster",
            "capacity_providers": null,
            "default_capacity_provider_strategy": [],
            "id": "arn:aws:ecs:ap-southeast-1:621567429603:cluster/testing-cluster",
            "name": "testing-cluster",
            "setting": [
              {
                "name": "containerInsights",
                "value": "enabled"
              }
            ],
            "tags": {
              "CostCenter": "Admin",
              "Developer": "Tien Nguyen",
              "Environment": "Development"
            }
          },
          "private": "bnVsbA=="
        }
      ]
    },
    {
      "module": "module.ecs",
      "mode": "managed",
      "type": "aws_ecs_service",
      "name": "service",
      "each": "list",
      "provider": "provider.aws",
      "instances": [
        {
          "index_key": 0,
          "schema_version": 0,
          "attributes": {
            "capacity_provider_strategy": [],
            "cluster": "arn:aws:ecs:ap-southeast-1:621567429603:cluster/testing-cluster",
            "deployment_controller": [
              {
                "type": "ECS"
              }
            ],
            "deployment_maximum_percent": 200,
            "deployment_minimum_healthy_percent": 100,
            "desired_count": 1,
            "enable_ecs_managed_tags": false,
            "force_new_deployment": null,
            "health_check_grace_period_seconds": 0,
            "iam_role": "aws-service-role",
            "id": "arn:aws:ecs:ap-southeast-1:621567429603:service/testing-cluster/auth-service",
            "launch_type": "FARGATE",
            "load_balancer": [
              {
                "container_name": "auth-service",
                "container_port": 3001,
                "elb_name": "",
                "target_group_arn": "arn:aws:elasticloadbalancing:ap-southeast-1:621567429603:targetgroup/auth-target-group/e885e20f48afb03d"
              }
            ],
            "name": "auth-service",
            "network_configuration": [
              {
                "assign_public_ip": false,
                "security_groups": [
                  "sg-0f57af13791e1b655"
                ],
                "subnets": [
                  "subnet-061c526ba5ed3d948",
                  "subnet-0c881598660c3433d"
                ]
              }
            ],
            "ordered_placement_strategy": [],
            "placement_constraints": [],
            "platform_version": "LATEST",
            "propagate_tags": "NONE",
            "scheduling_strategy": "REPLICA",
            "service_registries": [],
            "tags": null,
            "task_definition": "arn:aws:ecs:ap-southeast-1:621567429603:task-definition/auth-service:8",
            "timeouts": null
          },
          "private": "eyJlMmJmYjczMC1lY2FhLTExZTYtOGY4OC0zNDM2M2JjN2M0YzAiOnsiZGVsZXRlIjoxMjAwMDAwMDAwMDAwfX0=",
          "dependencies": [
            "module.alb.aws_alb.application_load_balancer",
            "module.alb.aws_lb_target_group.target_group",
            "module.ecs.aws_ecs_cluster.cluster",
            "module.ecs.aws_ecs_task_definition.task_definition",
            "module.iam.aws_iam_role.ecsTaskExecutionRole",
            "module.vpc.aws_security_group.ecs_security_group",
            "module.vpc.aws_security_group.load_balancer_security_group",
            "module.vpc.aws_subnet.private",
            "module.vpc.aws_subnet.public",
            "module.vpc.aws_vpc.messi_vpc"
          ]
        }
      ]
    },
    {
      "module": "module.ecs",
      "mode": "managed",
      "type": "aws_ecs_task_definition",
      "name": "task_definition",
      "each": "list",
      "provider": "provider.aws",
      "instances": [
        {
          "index_key": 0,
          "schema_version": 1,
          "attributes": {
            "arn": "arn:aws:ecs:ap-southeast-1:621567429603:task-definition/auth-service:8",
            "container_definitions": "[{\"cpu\":256,\"environment\":[{\"name\":\"DB_DATABASE\",\"value\":\"testing\"},{\"name\":\"DB_HOST\",\"value\":\"psa-staging-non-core.cv5kzsjurwgi.ap-southeast-1.rds.amazonaws.com\"},{\"name\":\"DB_PASSWORD\",\"value\":\"psa_password\"},{\"name\":\"DB_PORT\",\"value\":\"3306\"},{\"name\":\"DB_USERNAME\",\"value\":\"psa_user\"}],\"essential\":true,\"image\":\"621567429603.dkr.ecr.ap-southeast-1.amazonaws.com/auth-service:latest\",\"logConfiguration\":{\"logDriver\":\"awslogs\",\"options\":{\"awslogs-group\":\"/ecs/messi\",\"awslogs-region\":\"ap-southeast-1\",\"awslogs-stream-prefix\":\"auth\"}},\"memory\":512,\"mountPoints\":[],\"name\":\"auth-service\",\"portMappings\":[{\"containerPort\":3001,\"hostPort\":3001,\"protocol\":\"tcp\"}],\"volumesFrom\":[]}]",
            "cpu": "256",
            "execution_role_arn": "arn:aws:iam::621567429603:role/ecsTaskExecutionRoleTest",
            "family": "auth-service",
            "id": "auth-service",
            "inference_accelerator": [],
            "ipc_mode": "",
            "memory": "512",
            "network_mode": "awsvpc",
            "pid_mode": "",
            "placement_constraints": [],
            "proxy_configuration": [],
            "requires_compatibilities": [
              "FARGATE"
            ],
            "revision": 8,
            "tags": null,
            "task_role_arn": "",
            "volume": []
          },
          "private": "eyJzY2hlbWFfdmVyc2lvbiI6IjEifQ==",
          "dependencies": [
            "module.iam.aws_iam_role.ecsTaskExecutionRole"
          ]
        }
      ]
    },
    {
      "module": "module.vpc",
      "mode": "managed",
      "type": "aws_eip",
      "name": "nat_gw",
      "each": "list",
      "provider": "provider.aws",
      "instances": [
        {
          "index_key": 0,
          "schema_version": 0,
          "attributes": {
            "allocation_id": null,
            "associate_with_private_ip": null,
            "association_id": "",
            "customer_owned_ip": "",
            "customer_owned_ipv4_pool": "",
            "domain": "vpc",
            "id": "eipalloc-00740d01b254938b6",
            "instance": "",
            "network_interface": "",
            "private_dns": null,
            "private_ip": "",
            "public_dns": "ec2-52-76-235-251.ap-southeast-1.compute.amazonaws.com",
            "public_ip": "52.76.235.251",
            "public_ipv4_pool": "amazon",
            "tags": {
              "CostCenter": "Admin",
              "Developer": "Tien Nguyen",
              "Environment": "Development",
              "Name": "nat-gw-ip-1"
            },
            "timeouts": null,
            "vpc": true
          },
          "private": "eyJlMmJmYjczMC1lY2FhLTExZTYtOGY4OC0zNDM2M2JjN2M0YzAiOnsiZGVsZXRlIjoxODAwMDAwMDAwMDAsInJlYWQiOjkwMDAwMDAwMDAwMCwidXBkYXRlIjozMDAwMDAwMDAwMDB9fQ==",
          "dependencies": [
            "module.vpc.aws_internet_gateway.igw",
            "module.vpc.aws_vpc.messi_vpc"
          ]
        },
        {
          "index_key": 1,
          "schema_version": 0,
          "attributes": {
            "allocation_id": null,
            "associate_with_private_ip": null,
            "association_id": "",
            "customer_owned_ip": "",
            "customer_owned_ipv4_pool": "",
            "domain": "vpc",
            "id": "eipalloc-0fb7e8d875eeed52a",
            "instance": "",
            "network_interface": "",
            "private_dns": null,
            "private_ip": "",
            "public_dns": "ec2-54-251-96-221.ap-southeast-1.compute.amazonaws.com",
            "public_ip": "54.251.96.221",
            "public_ipv4_pool": "amazon",
            "tags": {
              "CostCenter": "Admin",
              "Developer": "Tien Nguyen",
              "Environment": "Development",
              "Name": "nat-gw-ip-2"
            },
            "timeouts": null,
            "vpc": true
          },
          "private": "eyJlMmJmYjczMC1lY2FhLTExZTYtOGY4OC0zNDM2M2JjN2M0YzAiOnsiZGVsZXRlIjoxODAwMDAwMDAwMDAsInJlYWQiOjkwMDAwMDAwMDAwMCwidXBkYXRlIjozMDAwMDAwMDAwMDB9fQ==",
          "dependencies": [
            "module.vpc.aws_internet_gateway.igw",
            "module.vpc.aws_vpc.messi_vpc"
          ]
        }
      ]
    },
    {
      "module": "module.iam",
      "mode": "managed",
      "type": "aws_iam_role",
      "name": "ecsTaskExecutionRole",
      "provider": "provider.aws",
      "instances": [
        {
          "schema_version": 0,
          "attributes": {
            "arn": "arn:aws:iam::621567429603:role/ecsTaskExecutionRoleTest",
            "assume_role_policy": "{\"Version\":\"2012-10-17\",\"Statement\":[{\"Sid\":\"\",\"Effect\":\"Allow\",\"Principal\":{\"Service\":\"ecs-tasks.amazonaws.com\"},\"Action\":\"sts:AssumeRole\"}]}",
            "create_date": "2020-08-26T15:35:49Z",
            "description": "",
            "force_detach_policies": false,
            "id": "ecsTaskExecutionRoleTest",
            "max_session_duration": 3600,
            "name": "ecsTaskExecutionRoleTest",
            "name_prefix": null,
            "path": "/",
            "permissions_boundary": null,
            "tags": null,
            "unique_id": "AROAZBOCOJPRQ5L3IMTNF"
          },
          "private": "bnVsbA=="
        }
      ]
    },
    {
      "module": "module.iam",
      "mode": "managed",
      "type": "aws_iam_role_policy_attachment",
      "name": "ecsTaskExecutionRole_policy",
      "provider": "provider.aws",
      "instances": [
        {
          "schema_version": 0,
          "attributes": {
            "id": "ecsTaskExecutionRoleTest-20200826153551998500000001",
            "policy_arn": "arn:aws:iam::aws:policy/service-role/AmazonECSTaskExecutionRolePolicy",
            "role": "ecsTaskExecutionRoleTest"
          },
          "private": "bnVsbA==",
          "dependencies": [
            "module.iam.aws_iam_role.ecsTaskExecutionRole"
          ]
        }
      ]
    },
    {
      "module": "module.vpc",
      "mode": "managed",
      "type": "aws_internet_gateway",
      "name": "igw",
      "provider": "provider.aws",
      "instances": [
        {
          "schema_version": 0,
          "attributes": {
            "arn": "arn:aws:ec2:ap-southeast-1:621567429603:internet-gateway/igw-0a4171e04ccb6a47f",
            "id": "igw-0a4171e04ccb6a47f",
            "owner_id": "621567429603",
            "tags": null,
            "vpc_id": "vpc-06dc50fdb423a122b"
          },
          "private": "bnVsbA==",
          "dependencies": [
            "module.vpc.aws_vpc.messi_vpc"
          ]
        }
      ]
    },
    {
      "module": "module.alb",
      "mode": "managed",
      "type": "aws_lb_listener",
      "name": "listener",
      "provider": "provider.aws",
      "instances": [
        {
          "schema_version": 0,
          "attributes": {
            "arn": "arn:aws:elasticloadbalancing:ap-southeast-1:621567429603:listener/app/test-alb/d32b074ce3a067c3/3e3789cf8ba9a9b7",
            "certificate_arn": null,
            "default_action": [
              {
                "authenticate_cognito": [],
                "authenticate_oidc": [],
                "fixed_response": [
                  {
                    "content_type": "text/plain",
                    "message_body": "Path not found!",
                    "status_code": "404"
                  }
                ],
                "forward": [],
                "order": 1,
                "redirect": [],
                "target_group_arn": "",
                "type": "fixed-response"
              }
            ],
            "id": "arn:aws:elasticloadbalancing:ap-southeast-1:621567429603:listener/app/test-alb/d32b074ce3a067c3/3e3789cf8ba9a9b7",
            "load_balancer_arn": "arn:aws:elasticloadbalancing:ap-southeast-1:621567429603:loadbalancer/app/test-alb/d32b074ce3a067c3",
            "port": 80,
            "protocol": "HTTP",
            "ssl_policy": "",
            "timeouts": null
          },
          "private": "eyJlMmJmYjczMC1lY2FhLTExZTYtOGY4OC0zNDM2M2JjN2M0YzAiOnsicmVhZCI6NjAwMDAwMDAwMDAwfX0=",
          "dependencies": [
            "module.alb.aws_alb.application_load_balancer",
            "module.vpc.aws_security_group.load_balancer_security_group",
            "module.vpc.aws_subnet.public",
            "module.vpc.aws_vpc.messi_vpc"
          ]
        }
      ]
    },
    {
      "module": "module.alb",
      "mode": "managed",
      "type": "aws_lb_listener_rule",
      "name": "rule",
      "each": "list",
      "provider": "provider.aws",
      "instances": [
        {
          "index_key": 0,
          "schema_version": 0,
          "attributes": {
            "action": [
              {
                "authenticate_cognito": [],
                "authenticate_oidc": [],
                "fixed_response": [],
                "forward": [],
                "order": 1,
                "redirect": [],
                "target_group_arn": "arn:aws:elasticloadbalancing:ap-southeast-1:621567429603:targetgroup/auth-target-group/e885e20f48afb03d",
                "type": "forward"
              }
            ],
            "arn": "arn:aws:elasticloadbalancing:ap-southeast-1:621567429603:listener-rule/app/test-alb/d32b074ce3a067c3/3e3789cf8ba9a9b7/5a5217f753afe026",
            "condition": [
              {
                "host_header": [],
                "http_header": [],
                "http_request_method": [],
                "path_pattern": [
                  {
                    "values": [
                      "/authentication/*"
                    ]
                  }
                ],
                "query_string": [],
                "source_ip": []
              }
            ],
            "id": "arn:aws:elasticloadbalancing:ap-southeast-1:621567429603:listener-rule/app/test-alb/d32b074ce3a067c3/3e3789cf8ba9a9b7/5a5217f753afe026",
            "listener_arn": "arn:aws:elasticloadbalancing:ap-southeast-1:621567429603:listener/app/test-alb/d32b074ce3a067c3/3e3789cf8ba9a9b7",
            "priority": 100
          },
          "private": "bnVsbA==",
          "dependencies": [
            "module.alb.aws_alb.application_load_balancer",
            "module.alb.aws_lb_listener.listener",
            "module.alb.aws_lb_target_group.target_group",
            "module.vpc.aws_security_group.load_balancer_security_group",
            "module.vpc.aws_subnet.public",
            "module.vpc.aws_vpc.messi_vpc"
          ]
        }
      ]
    },
    {
      "module": "module.alb",
      "mode": "managed",
      "type": "aws_lb_target_group",
      "name": "target_group",
      "each": "list",
      "provider": "provider.aws",
      "instances": [
        {
          "index_key": 0,
          "schema_version": 0,
          "attributes": {
            "arn": "arn:aws:elasticloadbalancing:ap-southeast-1:621567429603:targetgroup/auth-target-group/e885e20f48afb03d",
            "arn_suffix": "targetgroup/auth-target-group/e885e20f48afb03d",
            "deregistration_delay": 300,
            "health_check": [
              {
                "enabled": true,
                "healthy_threshold": 3,
                "interval": 30,
                "matcher": "200,201,204,301,302,304",
                "path": "/",
                "port": "traffic-port",
                "protocol": "HTTP",
                "timeout": 5,
                "unhealthy_threshold": 3
              }
            ],
            "id": "arn:aws:elasticloadbalancing:ap-southeast-1:621567429603:targetgroup/auth-target-group/e885e20f48afb03d",
            "lambda_multi_value_headers_enabled": false,
            "load_balancing_algorithm_type": "round_robin",
            "name": "auth-target-group",
            "name_prefix": null,
            "port": 80,
            "protocol": "HTTP",
            "proxy_protocol_v2": false,
            "slow_start": 0,
            "stickiness": [
              {
                "cookie_duration": 86400,
                "enabled": false,
                "type": "lb_cookie"
              }
            ],
            "tags": null,
            "target_type": "ip",
            "vpc_id": "vpc-06dc50fdb423a122b"
          },
          "private": "bnVsbA==",
          "dependencies": [
            "module.vpc.aws_vpc.messi_vpc"
          ]
        }
      ]
    },
    {
      "module": "module.vpc",
      "mode": "managed",
      "type": "aws_nat_gateway",
      "name": "nat_gw",
      "each": "list",
      "provider": "provider.aws",
      "instances": [
        {
          "index_key": 0,
          "schema_version": 0,
          "attributes": {
            "allocation_id": "eipalloc-00740d01b254938b6",
            "id": "nat-079491ac00a51cca7",
            "network_interface_id": "eni-0e9533cfc612064dc",
            "private_ip": "10.0.0.144",
            "public_ip": "52.76.235.251",
            "subnet_id": "subnet-0cda38dab258b3ccf",
            "tags": {
              "CostCenter": "Admin",
              "Developer": "Tien Nguyen",
              "Environment": "Development",
              "Name": "nat-gw-1"
            }
          },
          "private": "bnVsbA==",
          "dependencies": [
            "module.vpc.aws_eip.nat_gw",
            "module.vpc.aws_internet_gateway.igw",
            "module.vpc.aws_subnet.public",
            "module.vpc.aws_vpc.messi_vpc"
          ]
        },
        {
          "index_key": 1,
          "schema_version": 0,
          "attributes": {
            "allocation_id": "eipalloc-0fb7e8d875eeed52a",
            "id": "nat-08671ad1aec175f66",
            "network_interface_id": "eni-0109e0ed34115e2e9",
            "private_ip": "10.0.1.30",
            "public_ip": "54.251.96.221",
            "subnet_id": "subnet-02db824f5a7fc5fe2",
            "tags": {
              "CostCenter": "Admin",
              "Developer": "Tien Nguyen",
              "Environment": "Development",
              "Name": "nat-gw-2"
            }
          },
          "private": "bnVsbA==",
          "dependencies": [
            "module.vpc.aws_eip.nat_gw",
            "module.vpc.aws_internet_gateway.igw",
            "module.vpc.aws_subnet.public",
            "module.vpc.aws_vpc.messi_vpc"
          ]
        }
      ]
    },
    {
      "module": "module.vpc",
      "mode": "managed",
      "type": "aws_route",
      "name": "internet_access",
      "provider": "provider.aws",
      "instances": [
        {
          "schema_version": 0,
          "attributes": {
            "destination_cidr_block": "0.0.0.0/0",
            "destination_ipv6_cidr_block": "",
            "destination_prefix_list_id": "",
            "egress_only_gateway_id": "",
            "gateway_id": "igw-0a4171e04ccb6a47f",
            "id": "r-rtb-079df1787607cb5041080289494",
            "instance_id": "",
            "instance_owner_id": "",
            "nat_gateway_id": "",
            "network_interface_id": "",
            "origin": "CreateRoute",
            "route_table_id": "rtb-079df1787607cb504",
            "state": "active",
            "timeouts": null,
            "transit_gateway_id": "",
            "vpc_peering_connection_id": ""
          },
          "private": "eyJlMmJmYjczMC1lY2FhLTExZTYtOGY4OC0zNDM2M2JjN2M0YzAiOnsiY3JlYXRlIjoxMjAwMDAwMDAwMDAsImRlbGV0ZSI6MzAwMDAwMDAwMDAwfX0=",
          "dependencies": [
            "module.vpc.aws_internet_gateway.igw",
            "module.vpc.aws_vpc.messi_vpc"
          ]
        }
      ]
    },
    {
      "module": "module.vpc",
      "mode": "managed",
      "type": "aws_route_table",
      "name": "private",
      "each": "list",
      "provider": "provider.aws",
      "instances": [
        {
          "index_key": 0,
          "schema_version": 0,
          "attributes": {
            "id": "rtb-02118bd7bbbf58cec",
            "owner_id": "621567429603",
            "propagating_vgws": [],
            "route": [
              {
                "cidr_block": "0.0.0.0/0",
                "egress_only_gateway_id": "",
                "gateway_id": "",
                "instance_id": "",
                "ipv6_cidr_block": "",
                "nat_gateway_id": "nat-079491ac00a51cca7",
                "network_interface_id": "",
                "transit_gateway_id": "",
                "vpc_peering_connection_id": ""
              }
            ],
            "tags": {
              "CostCenter": "Admin",
              "Developer": "Tien Nguyen",
              "Environment": "Development",
              "Name": "private-route-ap-southeast-1a"
            },
            "vpc_id": "vpc-06dc50fdb423a122b"
          },
          "private": "bnVsbA==",
          "dependencies": [
            "module.vpc.aws_eip.nat_gw",
            "module.vpc.aws_internet_gateway.igw",
            "module.vpc.aws_nat_gateway.nat_gw",
            "module.vpc.aws_subnet.public",
            "module.vpc.aws_vpc.messi_vpc"
          ]
        },
        {
          "index_key": 1,
          "schema_version": 0,
          "attributes": {
            "id": "rtb-068f264fee4e7d383",
            "owner_id": "621567429603",
            "propagating_vgws": [],
            "route": [
              {
                "cidr_block": "0.0.0.0/0",
                "egress_only_gateway_id": "",
                "gateway_id": "",
                "instance_id": "",
                "ipv6_cidr_block": "",
                "nat_gateway_id": "nat-08671ad1aec175f66",
                "network_interface_id": "",
                "transit_gateway_id": "",
                "vpc_peering_connection_id": ""
              }
            ],
            "tags": {
              "CostCenter": "Admin",
              "Developer": "Tien Nguyen",
              "Environment": "Development",
              "Name": "private-route-ap-southeast-1b"
            },
            "vpc_id": "vpc-06dc50fdb423a122b"
          },
          "private": "bnVsbA==",
          "dependencies": [
            "module.vpc.aws_eip.nat_gw",
            "module.vpc.aws_internet_gateway.igw",
            "module.vpc.aws_nat_gateway.nat_gw",
            "module.vpc.aws_subnet.public",
            "module.vpc.aws_vpc.messi_vpc"
          ]
        }
      ]
    },
    {
      "module": "module.vpc",
      "mode": "managed",
      "type": "aws_route_table",
      "name": "public",
      "provider": "provider.aws",
      "instances": [
        {
          "schema_version": 0,
          "attributes": {
            "id": "rtb-048bf6ebf7f75bdd4",
            "owner_id": "621567429603",
            "propagating_vgws": [],
            "route": [
              {
                "cidr_block": "0.0.0.0/0",
                "egress_only_gateway_id": "",
                "gateway_id": "igw-0a4171e04ccb6a47f",
                "instance_id": "",
                "ipv6_cidr_block": "",
                "nat_gateway_id": "",
                "network_interface_id": "",
                "transit_gateway_id": "",
                "vpc_peering_connection_id": ""
              }
            ],
            "tags": {
              "CostCenter": "Admin",
              "Developer": "Tien Nguyen",
              "Environment": "Development",
              "Name": "public-route"
            },
            "vpc_id": "vpc-06dc50fdb423a122b"
          },
          "private": "bnVsbA==",
          "dependencies": [
            "module.vpc.aws_internet_gateway.igw",
            "module.vpc.aws_vpc.messi_vpc"
          ]
        }
      ]
    },
    {
      "module": "module.vpc",
      "mode": "managed",
      "type": "aws_route_table_association",
      "name": "public",
      "each": "list",
      "provider": "provider.aws",
      "instances": [
        {
          "index_key": 0,
          "schema_version": 0,
          "attributes": {
            "gateway_id": null,
            "id": "rtbassoc-0560bbc5e2747cc6a",
            "route_table_id": "rtb-048bf6ebf7f75bdd4",
            "subnet_id": "subnet-0cda38dab258b3ccf"
          },
          "private": "bnVsbA==",
          "dependencies": [
            "module.vpc.aws_internet_gateway.igw",
            "module.vpc.aws_route_table.public",
            "module.vpc.aws_subnet.public",
            "module.vpc.aws_vpc.messi_vpc"
          ]
        },
        {
          "index_key": 1,
          "schema_version": 0,
          "attributes": {
            "gateway_id": null,
            "id": "rtbassoc-054fdd9c68faea036",
            "route_table_id": "rtb-048bf6ebf7f75bdd4",
            "subnet_id": "subnet-02db824f5a7fc5fe2"
          },
          "private": "bnVsbA==",
          "dependencies": [
            "module.vpc.aws_internet_gateway.igw",
            "module.vpc.aws_route_table.public",
            "module.vpc.aws_subnet.public",
            "module.vpc.aws_vpc.messi_vpc"
          ]
        }
      ]
    },
    {
      "module": "module.vpc",
      "mode": "managed",
      "type": "aws_route_table_association",
      "name": "web_private",
      "each": "list",
      "provider": "provider.aws",
      "instances": [
        {
          "index_key": 0,
          "schema_version": 0,
          "attributes": {
            "gateway_id": null,
            "id": "rtbassoc-0cc38fbda83181ee9",
            "route_table_id": "rtb-02118bd7bbbf58cec",
            "subnet_id": "subnet-061c526ba5ed3d948"
          },
          "private": "bnVsbA==",
          "dependencies": [
            "module.vpc.aws_eip.nat_gw",
            "module.vpc.aws_internet_gateway.igw",
            "module.vpc.aws_nat_gateway.nat_gw",
            "module.vpc.aws_route_table.private",
            "module.vpc.aws_subnet.private",
            "module.vpc.aws_subnet.public",
            "module.vpc.aws_vpc.messi_vpc"
          ]
        },
        {
          "index_key": 1,
          "schema_version": 0,
          "attributes": {
            "gateway_id": null,
            "id": "rtbassoc-05999ed70fb14d32b",
            "route_table_id": "rtb-068f264fee4e7d383",
            "subnet_id": "subnet-0c881598660c3433d"
          },
          "private": "bnVsbA==",
          "dependencies": [
            "module.vpc.aws_eip.nat_gw",
            "module.vpc.aws_internet_gateway.igw",
            "module.vpc.aws_nat_gateway.nat_gw",
            "module.vpc.aws_route_table.private",
            "module.vpc.aws_subnet.private",
            "module.vpc.aws_subnet.public",
            "module.vpc.aws_vpc.messi_vpc"
          ]
        }
      ]
    },
    {
      "module": "module.vpc",
      "mode": "managed",
      "type": "aws_security_group",
      "name": "ecs_security_group",
      "provider": "provider.aws",
      "instances": [
        {
          "schema_version": 1,
          "attributes": {
            "arn": "arn:aws:ec2:ap-southeast-1:621567429603:security-group/sg-0f57af13791e1b655",
            "description": "ECS SG",
            "egress": [
              {
                "cidr_blocks": [
                  "0.0.0.0/0"
                ],
                "description": "",
                "from_port": 0,
                "ipv6_cidr_blocks": [],
                "prefix_list_ids": [],
                "protocol": "-1",
                "security_groups": [],
                "self": false,
                "to_port": 0
              }
            ],
            "id": "sg-0f57af13791e1b655",
            "ingress": [
              {
                "cidr_blocks": [],
                "description": "",
                "from_port": 0,
                "ipv6_cidr_blocks": [],
                "prefix_list_ids": [],
                "protocol": "-1",
                "security_groups": [
                  "sg-0fce162f35cdba3d4"
                ],
                "self": false,
                "to_port": 0
              }
            ],
            "name": "ECS_SG",
            "name_prefix": "",
            "owner_id": "621567429603",
            "revoke_rules_on_delete": false,
            "tags": {
              "CostCenter": "Admin",
              "Developer": "Tien Nguyen",
              "Environment": "Development"
            },
            "timeouts": null,
            "vpc_id": "vpc-06dc50fdb423a122b"
          },
          "private": "eyJlMmJmYjczMC1lY2FhLTExZTYtOGY4OC0zNDM2M2JjN2M0YzAiOnsiY3JlYXRlIjo2MDAwMDAwMDAwMDAsImRlbGV0ZSI6NjAwMDAwMDAwMDAwfSwic2NoZW1hX3ZlcnNpb24iOiIxIn0=",
          "dependencies": [
            "module.vpc.aws_security_group.load_balancer_security_group",
            "module.vpc.aws_vpc.messi_vpc"
          ]
        }
      ]
    },
    {
      "module": "module.vpc",
      "mode": "managed",
      "type": "aws_security_group",
      "name": "load_balancer_security_group",
      "provider": "provider.aws",
      "instances": [
        {
          "schema_version": 1,
          "attributes": {
            "arn": "arn:aws:ec2:ap-southeast-1:621567429603:security-group/sg-0fce162f35cdba3d4",
            "description": "ALB SG",
            "egress": [
              {
                "cidr_blocks": [
                  "0.0.0.0/0"
                ],
                "description": "",
                "from_port": 0,
                "ipv6_cidr_blocks": [],
                "prefix_list_ids": [],
                "protocol": "-1",
                "security_groups": [],
                "self": false,
                "to_port": 0
              }
            ],
            "id": "sg-0fce162f35cdba3d4",
            "ingress": [
              {
                "cidr_blocks": [
                  "0.0.0.0/0"
                ],
                "description": "",
                "from_port": 80,
                "ipv6_cidr_blocks": [],
                "prefix_list_ids": [],
                "protocol": "tcp",
                "security_groups": [],
                "self": false,
                "to_port": 80
              }
            ],
            "name": "ALB_SG",
            "name_prefix": "",
            "owner_id": "621567429603",
            "revoke_rules_on_delete": false,
            "tags": {
              "CostCenter": "Admin",
              "Developer": "Tien Nguyen",
              "Environment": "Development"
            },
            "timeouts": null,
            "vpc_id": "vpc-06dc50fdb423a122b"
          },
          "private": "eyJlMmJmYjczMC1lY2FhLTExZTYtOGY4OC0zNDM2M2JjN2M0YzAiOnsiY3JlYXRlIjo2MDAwMDAwMDAwMDAsImRlbGV0ZSI6NjAwMDAwMDAwMDAwfSwic2NoZW1hX3ZlcnNpb24iOiIxIn0=",
          "dependencies": [
            "module.vpc.aws_vpc.messi_vpc"
          ]
        }
      ]
    },
    {
      "module": "module.vpc",
      "mode": "managed",
      "type": "aws_subnet",
      "name": "private",
      "each": "list",
      "provider": "provider.aws",
      "instances": [
        {
          "index_key": 0,
          "schema_version": 1,
          "attributes": {
            "arn": "arn:aws:ec2:ap-southeast-1:621567429603:subnet/subnet-061c526ba5ed3d948",
            "assign_ipv6_address_on_creation": false,
            "availability_zone": "ap-southeast-1a",
            "availability_zone_id": "apse1-az1",
            "cidr_block": "10.0.3.0/24",
            "id": "subnet-061c526ba5ed3d948",
            "ipv6_cidr_block": "",
            "ipv6_cidr_block_association_id": "",
            "map_public_ip_on_launch": false,
            "outpost_arn": "",
            "owner_id": "621567429603",
            "tags": {
              "CostCenter": "Admin",
              "Developer": "Tien Nguyen",
              "Environment": "Development",
              "Name": "private-subnet-1"
            },
            "timeouts": null,
            "vpc_id": "vpc-06dc50fdb423a122b"
          },
          "private": "eyJlMmJmYjczMC1lY2FhLTExZTYtOGY4OC0zNDM2M2JjN2M0YzAiOnsiY3JlYXRlIjo2MDAwMDAwMDAwMDAsImRlbGV0ZSI6MTIwMDAwMDAwMDAwMH0sInNjaGVtYV92ZXJzaW9uIjoiMSJ9",
          "dependencies": [
            "module.vpc.aws_vpc.messi_vpc"
          ]
        },
        {
          "index_key": 1,
          "schema_version": 1,
          "attributes": {
            "arn": "arn:aws:ec2:ap-southeast-1:621567429603:subnet/subnet-0c881598660c3433d",
            "assign_ipv6_address_on_creation": false,
            "availability_zone": "ap-southeast-1b",
            "availability_zone_id": "apse1-az2",
            "cidr_block": "10.0.4.0/24",
            "id": "subnet-0c881598660c3433d",
            "ipv6_cidr_block": "",
            "ipv6_cidr_block_association_id": "",
            "map_public_ip_on_launch": false,
            "outpost_arn": "",
            "owner_id": "621567429603",
            "tags": {
              "CostCenter": "Admin",
              "Developer": "Tien Nguyen",
              "Environment": "Development",
              "Name": "private-subnet-2"
            },
            "timeouts": null,
            "vpc_id": "vpc-06dc50fdb423a122b"
          },
          "private": "eyJlMmJmYjczMC1lY2FhLTExZTYtOGY4OC0zNDM2M2JjN2M0YzAiOnsiY3JlYXRlIjo2MDAwMDAwMDAwMDAsImRlbGV0ZSI6MTIwMDAwMDAwMDAwMH0sInNjaGVtYV92ZXJzaW9uIjoiMSJ9",
          "dependencies": [
            "module.vpc.aws_vpc.messi_vpc"
          ]
        }
      ]
    },
    {
      "module": "module.vpc",
      "mode": "managed",
      "type": "aws_subnet",
      "name": "public",
      "each": "list",
      "provider": "provider.aws",
      "instances": [
        {
          "index_key": 0,
          "schema_version": 1,
          "attributes": {
            "arn": "arn:aws:ec2:ap-southeast-1:621567429603:subnet/subnet-0cda38dab258b3ccf",
            "assign_ipv6_address_on_creation": false,
            "availability_zone": "ap-southeast-1a",
            "availability_zone_id": "apse1-az1",
            "cidr_block": "10.0.0.0/24",
            "id": "subnet-0cda38dab258b3ccf",
            "ipv6_cidr_block": "",
            "ipv6_cidr_block_association_id": "",
            "map_public_ip_on_launch": false,
            "outpost_arn": "",
            "owner_id": "621567429603",
            "tags": {
              "CostCenter": "Admin",
              "Developer": "Tien Nguyen",
              "Environment": "Development",
              "Name": "public-subnet-1"
            },
            "timeouts": null,
            "vpc_id": "vpc-06dc50fdb423a122b"
          },
          "private": "eyJlMmJmYjczMC1lY2FhLTExZTYtOGY4OC0zNDM2M2JjN2M0YzAiOnsiY3JlYXRlIjo2MDAwMDAwMDAwMDAsImRlbGV0ZSI6MTIwMDAwMDAwMDAwMH0sInNjaGVtYV92ZXJzaW9uIjoiMSJ9",
          "dependencies": [
            "module.vpc.aws_vpc.messi_vpc"
          ]
        },
        {
          "index_key": 1,
          "schema_version": 1,
          "attributes": {
            "arn": "arn:aws:ec2:ap-southeast-1:621567429603:subnet/subnet-02db824f5a7fc5fe2",
            "assign_ipv6_address_on_creation": false,
            "availability_zone": "ap-southeast-1b",
            "availability_zone_id": "apse1-az2",
            "cidr_block": "10.0.1.0/24",
            "id": "subnet-02db824f5a7fc5fe2",
            "ipv6_cidr_block": "",
            "ipv6_cidr_block_association_id": "",
            "map_public_ip_on_launch": false,
            "outpost_arn": "",
            "owner_id": "621567429603",
            "tags": {
              "CostCenter": "Admin",
              "Developer": "Tien Nguyen",
              "Environment": "Development",
              "Name": "public-subnet-2"
            },
            "timeouts": null,
            "vpc_id": "vpc-06dc50fdb423a122b"
          },
          "private": "eyJlMmJmYjczMC1lY2FhLTExZTYtOGY4OC0zNDM2M2JjN2M0YzAiOnsiY3JlYXRlIjo2MDAwMDAwMDAwMDAsImRlbGV0ZSI6MTIwMDAwMDAwMDAwMH0sInNjaGVtYV92ZXJzaW9uIjoiMSJ9",
          "dependencies": [
            "module.vpc.aws_vpc.messi_vpc"
          ]
        }
      ]
    },
    {
      "module": "module.vpc",
      "mode": "managed",
      "type": "aws_vpc",
      "name": "messi_vpc",
      "provider": "provider.aws",
      "instances": [
        {
          "schema_version": 1,
          "attributes": {
            "arn": "arn:aws:ec2:ap-southeast-1:621567429603:vpc/vpc-06dc50fdb423a122b",
            "assign_generated_ipv6_cidr_block": false,
            "cidr_block": "10.0.0.0/16",
            "default_network_acl_id": "acl-06608625e5201eb0b",
            "default_route_table_id": "rtb-079df1787607cb504",
            "default_security_group_id": "sg-0cc7cd7cdd0df4fad",
            "dhcp_options_id": "dopt-32a94057",
            "enable_classiclink": false,
            "enable_classiclink_dns_support": false,
            "enable_dns_hostnames": true,
            "enable_dns_support": true,
            "id": "vpc-06dc50fdb423a122b",
            "instance_tenancy": "default",
            "ipv6_association_id": "",
            "ipv6_cidr_block": "",
            "main_route_table_id": "rtb-079df1787607cb504",
            "owner_id": "621567429603",
            "tags": {
              "CostCenter": "Admin",
              "Developer": "Tien Nguyen",
              "Environment": "Development",
              "Name": "Messi-vpc"
            }
          },
          "private": "eyJzY2hlbWFfdmVyc2lvbiI6IjEifQ=="
        }
      ]
    }
  ]
}
